
Microsoft Visual Studio Solution File, Format Version 12.00
# TcXaeShell Solution File, Format Version 11.00
VisualStudioVersion = 15.0.33403.129
MinimumVisualStudioVersion = 10.0.40219.1
Project("{B1E792BE-AA5F-4E3C-8C82-674BF9C0715B}") = "Test", "Test\Test.tsproj", "{5716869A-D457-4576-9425-EA4B0131B631}"
EndProject
Global
	GlobalSection(SolutionConfigurationPlatforms) = preSolution
		Debug|TwinCAT CE7 (ARMV7) = Debug|TwinCAT CE7 (ARMV7)
		Debug|TwinCAT OS (ARMT2) = Debug|TwinCAT OS (ARMT2)
		Debug|TwinCAT RT (x64) = Debug|TwinCAT RT (x64)
		Debug|TwinCAT RT (x86) = Debug|TwinCAT RT (x86)
		Release|TwinCAT CE7 (ARMV7) = Release|TwinCAT CE7 (ARMV7)
		Release|TwinCAT OS (ARMT2) = Release|TwinCAT OS (ARMT2)
		Release|TwinCAT RT (x64) = Release|TwinCAT RT (x64)
		Release|TwinCAT RT (x86) = Release|TwinCAT RT (x86)
	EndGlobalSection
	GlobalSection(ProjectConfigurationPlatforms) = postSolution
		{5716869A-D457-4576-9425-EA4B0131B631}.Debug|TwinCAT CE7 (ARMV7).ActiveCfg = Debug|TwinCAT CE7 (ARMV7)
		{5716869A-D457-4576-9425-EA4B0131B631}.Debug|TwinCAT CE7 (ARMV7).Build.0 = Debug|TwinCAT CE7 (ARMV7)
		{5716869A-D457-4576-9425-EA4B0131B631}.Debug|TwinCAT OS (ARMT2).ActiveCfg = Debug|TwinCAT OS (ARMT2)
		{5716869A-D457-4576-9425-EA4B0131B631}.Debug|TwinCAT OS (ARMT2).Build.0 = Debug|TwinCAT OS (ARMT2)
		{5716869A-D457-4576-9425-EA4B0131B631}.Debug|TwinCAT RT (x64).ActiveCfg = Debug|TwinCAT RT (x64)
		{5716869A-D457-4576-9425-EA4B0131B631}.Debug|TwinCAT RT (x64).Build.0 = Debug|TwinCAT RT (x64)
		{5716869A-D457-4576-9425-EA4B0131B631}.Debug|TwinCAT RT (x86).ActiveCfg = Debug|TwinCAT RT (x86)
		{5716869A-D457-4576-9425-EA4B0131B631}.Debug|TwinCAT RT (x86).Build.0 = Debug|TwinCAT RT (x86)
		{5716869A-D457-4576-9425-EA4B0131B631}.Release|TwinCAT CE7 (ARMV7).ActiveCfg = Release|TwinCAT CE7 (ARMV7)
		{5716869A-D457-4576-9425-EA4B0131B631}.Release|TwinCAT CE7 (ARMV7).Build.0 = Release|TwinCAT CE7 (ARMV7)
		{5716869A-D457-4576-9425-EA4B0131B631}.Release|TwinCAT OS (ARMT2).ActiveCfg = Release|TwinCAT OS (ARMT2)
		{5716869A-D457-4576-9425-EA4B0131B631}.Release|TwinCAT OS (ARMT2).Build.0 = Release|TwinCAT OS (ARMT2)
		{5716869A-D457-4576-9425-EA4B0131B631}.Release|TwinCAT RT (x64).ActiveCfg = Release|TwinCAT RT (x64)
		{5716869A-D457-4576-9425-EA4B0131B631}.Release|TwinCAT RT (x64).Build.0 = Release|TwinCAT RT (x64)
		{5716869A-D457-4576-9425-EA4B0131B631}.Release|TwinCAT RT (x86).ActiveCfg = Release|TwinCAT RT (x86)
		{5716869A-D457-4576-9425-EA4B0131B631}.Release|TwinCAT RT (x86).Build.0 = Release|TwinCAT RT (x86)
		{D7654774-CFDA-41F9-BA1E-7C6C4FBFC8EB}.Debug|TwinCAT CE7 (ARMV7).ActiveCfg = Debug|TwinCAT CE7 (ARMV7)
		{D7654774-CFDA-41F9-BA1E-7C6C4FBFC8EB}.Debug|TwinCAT CE7 (ARMV7).Build.0 = Debug|TwinCAT CE7 (ARMV7)
		{D7654774-CFDA-41F9-BA1E-7C6C4FBFC8EB}.Debug|TwinCAT OS (ARMT2).ActiveCfg = Debug|TwinCAT OS (ARMT2)
		{D7654774-CFDA-41F9-BA1E-7C6C4FBFC8EB}.Debug|TwinCAT OS (ARMT2).Build.0 = Debug|TwinCAT OS (ARMT2)
		{D7654774-CFDA-41F9-BA1E-7C6C4FBFC8EB}.Debug|TwinCAT RT (x64).ActiveCfg = Debug|TwinCAT RT (x64)
		{D7654774-CFDA-41F9-BA1E-7C6C4FBFC8EB}.Debug|TwinCAT RT (x64).Build.0 = Debug|TwinCAT RT (x64)
		{D7654774-CFDA-41F9-BA1E-7C6C4FBFC8EB}.Debug|TwinCAT RT (x86).ActiveCfg = Debug|TwinCAT RT (x86)
		{D7654774-CFDA-41F9-BA1E-7C6C4FBFC8EB}.Debug|TwinCAT RT (x86).Build.0 = Debug|TwinCAT RT (x86)
		{D7654774-CFDA-41F9-BA1E-7C6C4FBFC8EB}.Release|TwinCAT CE7 (ARMV7).ActiveCfg = Release|TwinCAT CE7 (ARMV7)
		{D7654774-CFDA-41F9-BA1E-7C6C4FBFC8EB}.Release|TwinCAT CE7 (ARMV7).Build.0 = Release|TwinCAT CE7 (ARMV7)
		{D7654774-CFDA-41F9-BA1E-7C6C4FBFC8EB}.Release|TwinCAT OS (ARMT2).ActiveCfg = Release|TwinCAT OS (ARMT2)
		{D7654774-CFDA-41F9-BA1E-7C6C4FBFC8EB}.Release|TwinCAT OS (ARMT2).Build.0 = Release|TwinCAT OS (ARMT2)
		{D7654774-CFDA-41F9-BA1E-7C6C4FBFC8EB}.Release|TwinCAT RT (x64).ActiveCfg = Release|TwinCAT RT (x64)
		{D7654774-CFDA-41F9-BA1E-7C6C4FBFC8EB}.Release|TwinCAT RT (x64).Build.0 = Release|TwinCAT RT (x64)
		{D7654774-CFDA-41F9-BA1E-7C6C4FBFC8EB}.Release|TwinCAT RT (x86).ActiveCfg = Release|TwinCAT RT (x86)
		{D7654774-CFDA-41F9-BA1E-7C6C4FBFC8EB}.Release|TwinCAT RT (x86).Build.0 = Release|TwinCAT RT (x86)
	EndGlobalSection
	GlobalSection(SolutionProperties) = preSolution
		HideSolutionNode = FALSE
	EndGlobalSection
	GlobalSection(ExtensibilityGlobals) = postSolution
		SolutionGuid = {A0F86CAB-C673-4AAF-A733-1734DF223E09}
	EndGlobalSection
EndGlobal
